// !$*UTF8*$!
{
	archiveVersion = 1;
	classes = {
	};
	objectVersion = 46;
	objects = {

/* Begin PBXBuildFile section */
		223B77CA1AF23A2C008982C2 /* main.m in Sources */ = {isa = PBXBuildFile; fileRef = 223B77C91AF23A2C008982C2 /* main.m */; };
		223B77CD1AF23A2C008982C2 /* AppDelegate.m in Sources */ = {isa = PBXBuildFile; fileRef = 223B77CC1AF23A2C008982C2 /* AppDelegate.m */; };
		223B77D01AF23A2C008982C2 /* ViewController.m in Sources */ = {isa = PBXBuildFile; fileRef = 223B77CF1AF23A2C008982C2 /* ViewController.m */; };
		223B77D31AF23A2C008982C2 /* Main.storyboard in Resources */ = {isa = PBXBuildFile; fileRef = 223B77D11AF23A2C008982C2 /* Main.storyboard */; };
		223B77D51AF23A2C008982C2 /* Images.xcassets in Resources */ = {isa = PBXBuildFile; fileRef = 223B77D41AF23A2C008982C2 /* Images.xcassets */; };
		223B77D81AF23A2C008982C2 /* LaunchScreen.xib in Resources */ = {isa = PBXBuildFile; fileRef = 223B77D61AF23A2C008982C2 /* LaunchScreen.xib */; };
		223B77E41AF23A2C008982C2 /* IMCTests.m in Sources */ = {isa = PBXBuildFile; fileRef = 223B77E31AF23A2C008982C2 /* IMCTests.m */; };
/* End PBXBuildFile section */

/* Begin PBXContainerItemProxy section */
		223B77DE1AF23A2C008982C2 /* PBXContainerItemProxy */ = {
			isa = PBXContainerItemProxy;
			containerPortal = 223B77BC1AF23A2C008982C2 /* Project object */;
			proxyType = 1;
			remoteGlobalIDString = 223B77C31AF23A2C008982C2;
			remoteInfo = IMC;
		};
/* End PBXContainerItemProxy section */

/* Begin PBXFileReference section */
		223B77C41AF23A2C008982C2 /* IMC.app */ = {isa = PBXFileReference; explicitFileType = wrapper.application; includeInIndex = 0; path = IMC.app; sourceTree = BUILT_PRODUCTS_DIR; };
		223B77C81AF23A2C008982C2 /* Info.plist */ = {isa = PBXFileReference; lastKnownFileType = text.plist.xml; path = Info.plist; sourceTree = "<group>"; };
		223B77C91AF23A2C008982C2 /* main.m */ = {isa = PBXFileReference; lastKnownFileType = sourcecode.c.objc; path = main.m; sourceTree = "<group>"; };
		223B77CB1AF23A2C008982C2 /* AppDelegate.h */ = {isa = PBXFileReference; lastKnownFileType = sourcecode.c.h; path = AppDelegate.h; sourceTree = "<group>"; };
		223B77CC1AF23A2C008982C2 /* AppDelegate.m */ = {isa = PBXFileReference; lastKnownFileType = sourcecode.c.objc; path = AppDelegate.m; sourceTree = "<group>"; };
		223B77CE1AF23A2C008982C2 /* ViewController.h */ = {isa = PBXFileReference; lastKnownFileType = sourcecode.c.h; path = ViewController.h; sourceTree = "<group>"; };
		223B77CF1AF23A2C008982C2 /* ViewController.m */ = {isa = PBXFileReference; lastKnownFileType = sourcecode.c.objc; path = ViewController.m; sourceTree = "<group>"; };
		223B77D21AF23A2C008982C2 /* Base */ = {isa = PBXFileReference; lastKnownFileType = file.storyboard; name = Base; path = Base.lproj/Main.storyboard; sourceTree = "<group>"; };
		223B77D41AF23A2C008982C2 /* Images.xcassets */ = {isa = PBXFileReference; lastKnownFileType = folder.assetcatalog; path = Images.xcassets; sourceTree = "<group>"; };
		223B77D71AF23A2C008982C2 /* Base */ = {isa = PBXFileReference; lastKnownFileType = file.xib; name = Base; path = Base.lproj/LaunchScreen.xib; sourceTree = "<group>"; };
		223B77DD1AF23A2C008982C2 /* IMCTests.xctest */ = {isa = PBXFileReference; explicitFileType = wrapper.cfbundle; includeInIndex = 0; path = IMCTests.xctest; sourceTree = BUILT_PRODUCTS_DIR; };
		223B77E21AF23A2C008982C2 /* Info.plist */ = {isa = PBXFileReference; lastKnownFileType = text.plist.xml; path = Info.plist; sourceTree = "<group>"; };
		223B77E31AF23A2C008982C2 /* IMCTests.m */ = {isa = PBXFileReference; lastKnownFileType = sourcecode.c.objc; path = IMCTests.m; sourceTree = "<group>"; };
/* End PBXFileReference section */

/* Begin PBXFrameworksBuildPhase section */
		223B77C11AF23A2C008982C2 /* Frameworks */ = {
			isa = PBXFrameworksBuildPhase;
			buildActionMask = 2147483647;
			files = (
			);
			runOnlyForDeploymentPostprocessing = 0;
		};
		223B77DA1AF23A2C008982C2 /* Frameworks */ = {
			isa = PBXFrameworksBuildPhase;
			buildActionMask = 2147483647;
			files = (
			);
			runOnlyForDeploymentPostprocessing = 0;
		};
/* End PBXFrameworksBuildPhase section */

/* Begin PBXGroup section */
		223B77BB1AF23A2C008982C2 = {
			isa = PBXGroup;
			children = (
				223B77C61AF23A2C008982C2 /* IMC */,
				223B77E01AF23A2C008982C2 /* IMCTests */,
				223B77C51AF23A2C008982C2 /* Products */,
			);
			sourceTree = "<group>";
		};
		223B77C51AF23A2C008982C2 /* Products */ = {
			isa = PBXGroup;
			children = (
				223B77C41AF23A2C008982C2 /* IMC.app */,
				223B77DD1AF23A2C008982C2 /* IMCTests.xctest */,
			);
			name = Products;
			sourceTree = "<group>";
		};
		223B77C61AF23A2C008982C2 /* IMC */ = {
			isa = PBXGroup;
			children = (
				223B77CB1AF23A2C008982C2 /* AppDelegate.h */,
				223B77CC1AF23A2C008982C2 /* AppDelegate.m */,
				223B77CE1AF23A2C008982C2 /* ViewController.h */,
				223B77CF1AF23A2C008982C2 /* ViewController.m */,
				223B77D11AF23A2C008982C2 /* Main.storyboard */,
				223B77D41AF23A2C008982C2 /* Images.xcassets */,
				223B77D61AF23A2C008982C2 /* LaunchScreen.xib */,
				223B77C71AF23A2C008982C2 /* Supporting Files */,
			);
			path = IMC;
			sourceTree = "<group>";
		};
		223B77C71AF23A2C008982C2 /* Supporting Files */ = {
			isa = PBXGroup;
			children = (
				223B77C81AF23A2C008982C2 /* Info.plist */,
				223B77C91AF23A2C008982C2 /* main.m */,
			);
			name = "Supporting Files";
			sourceTree = "<group>";
		};
		223B77E01AF23A2C008982C2 /* IMCTests */ = {
			isa = PBXGroup;
			children = (
				223B77E31AF23A2C008982C2 /* IMCTests.m */,
				223B77E11AF23A2C008982C2 /* Supporting Files */,
			);
			path = IMCTests;
			sourceTree = "<group>";
		};
		223B77E11AF23A2C008982C2 /* Supporting Files */ = {
			isa = PBXGroup;
			children = (
				223B77E21AF23A2C008982C2 /* Info.plist */,
			);
			name = "Supporting Files";
			sourceTree = "<group>";
		};
/* End PBXGroup section */

/* Begin PBXNativeTarget section */
		223B77C31AF23A2C008982C2 /* IMC */ = {
			isa = PBXNativeTarget;
			buildConfigurationList = 223B77E71AF23A2C008982C2 /* Build configuration list for PBXNativeTarget "IMC" */;
			buildPhases = (
				223B77C01AF23A2C008982C2 /* Sources */,
				223B77C11AF23A2C008982C2 /* Frameworks */,
				223B77C21AF23A2C008982C2 /* Resources */,
			);
			buildRules = (
			);
			dependencies = (
			);
			name = IMC;
			productName = IMC;
			productReference = 223B77C41AF23A2C008982C2 /* IMC.app */;
			productType = "com.apple.product-type.application";
		};
		223B77DC1AF23A2C008982C2 /* IMCTests */ = {
			isa = PBXNativeTarget;
			buildConfigurationList = 223B77EA1AF23A2C008982C2 /* Build configuration list for PBXNativeTarget "IMCTests" */;
			buildPhases = (
				223B77D91AF23A2C008982C2 /* Sources */,
				223B77DA1AF23A2C008982C2 /* Frameworks */,
				223B77DB1AF23A2C008982C2 /* Resources */,
			);
			buildRules = (
			);
			dependencies = (
				223B77DF1AF23A2C008982C2 /* PBXTargetDependency */,
			);
			name = IMCTests;
			productName = IMCTests;
			productReference = 223B77DD1AF23A2C008982C2 /* IMCTests.xctest */;
			productType = "com.apple.product-type.bundle.unit-test";
		};
/* End PBXNativeTarget section */

/* Begin PBXProject section */
		223B77BC1AF23A2C008982C2 /* Project object */ = {
			isa = PBXProject;
			attributes = {
				LastUpgradeCheck = 0630;
				ORGANIZATIONNAME = SetPay;
				TargetAttributes = {
					223B77C31AF23A2C008982C2 = {
						CreatedOnToolsVersion = 6.3.1;
					};
					223B77DC1AF23A2C008982C2 = {
						CreatedOnToolsVersion = 6.3.1;
						TestTargetID = 223B77C31AF23A2C008982C2;
					};
				};
			};
			buildConfigurationList = 223B77BF1AF23A2C008982C2 /* Build configuration list for PBXProject "IMC" */;
			compatibilityVersion = "Xcode 3.2";
			developmentRegion = English;
			hasScannedForEncodings = 0;
			knownRegions = (
				en,
				Base,
			);
			mainGroup = 223B77BB1AF23A2C008982C2;
			productRefGroup = 223B77C51AF23A2C008982C2 /* Products */;
			projectDirPath = "";
			projectRoot = "";
			targets = (
				223B77C31AF23A2C008982C2 /* IMC */,
				223B77DC1AF23A2C008982C2 /* IMCTests */,
			);
		};
/* End PBXProject section */

/* Begin PBXResourcesBuildPhase section */
		223B77C21AF23A2C008982C2 /* Resources */ = {
			isa = PBXResourcesBuildPhase;
			buildActionMask = 2147483647;
			files = (
				223B77D31AF23A2C008982C2 /* Main.storyboard in Resources */,
				223B77D81AF23A2C008982C2 /* LaunchScreen.xib in Resources */,
				223B77D51AF23A2C008982C2 /* Images.xcassets in Resources */,
			);
			runOnlyForDeploymentPostprocessing = 0;
		};
		223B77DB1AF23A2C008982C2 /* Resources */ = {
			isa = PBXResourcesBuildPhase;
			buildActionMask = 2147483647;
			files = (
			);
			runOnlyForDeploymentPostprocessing = 0;
		};
/* End PBXResourcesBuildPhase section */

/* Begin PBXSourcesBuildPhase section */
		223B77C01AF23A2C008982C2 /* Sources */ = {
			isa = PBXSourcesBuildPhase;
			buildActionMask = 2147483647;
			files = (
				223B77D01AF23A2C008982C2 /* ViewController.m in Sources */,
				223B77CD1AF23A2C008982C2 /* AppDelegate.m in Sources */,
				223B77CA1AF23A2C008982C2 /* main.m in Sources */,
			);
			runOnlyForDeploymentPostprocessing = 0;
		};
		223B77D91AF23A2C008982C2 /* Sources */ = {
			isa = PBXSourcesBuildPhase;
			buildActionMask = 2147483647;
			files = (
				223B77E41AF23A2C008982C2 /* IMCTests.m in Sources */,
			);
			runOnlyForDeploymentPostprocessing = 0;
		};
/* End PBXSourcesBuildPhase section */

/* Begin PBXTargetDependency section */
		223B77DF1AF23A2C008982C2 /* PBXTargetDependency */ = {
			isa = PBXTargetDependency;
			target = 223B77C31AF23A2C008982C2 /* IMC */;
			targetProxy = 223B77DE1AF23A2C008982C2 /* PBXContainerItemProxy */;
		};
/* End PBXTargetDependency section */

/* Begin PBXVariantGroup section */
		223B77D11AF23A2C008982C2 /* Main.storyboard */ = {
			isa = PBXVariantGroup;
			children = (
				223B77D21AF23A2C008982C2 /* Base */,
			);
			name = Main.storyboard;
			sourceTree = "<group>";
		};
		223B77D61AF23A2C008982C2 /* LaunchScreen.xib */ = {
			isa = PBXVariantGroup;
			children = (
				223B77D71AF23A2C008982C2 /* Base */,
			);
			name = LaunchScreen.xib;
			sourceTree = "<group>";
		};
/* End PBXVariantGroup section */

/* Begin XCBuildConfiguration section */
		223B77E51AF23A2C008982C2 /* Debug */ = {
			isa = XCBuildConfiguration;
			buildSettings = {
				ALWAYS_SEARCH_USER_PATHS = NO;
				CLANG_CXX_LANGUAGE_STANDARD = "gnu++0x";
				CLANG_CXX_LIBRARY = "libc++";
				CLANG_ENABLE_MODULES = YES;
				CLANG_ENABLE_OBJC_ARC = YES;
				CLANG_WARN_BOOL_CONVERSION = YES;
				CLANG_WARN_CONSTANT_CONVERSION = YES;
				CLANG_WARN_DIRECT_OBJC_ISA_USAGE = YES_ERROR;
				CLANG_WARN_EMPTY_BODY = YES;
				CLANG_WARN_ENUM_CONVERSION = YES;
				CLANG_WARN_INT_CONVERSION = YES;
				CLANG_WARN_OBJC_ROOT_CLASS = YES_ERROR;
				CLANG_WARN_UNREACHABLE_CODE = YES;
				CLANG_WARN__DUPLICATE_METHOD_MATCH = YES;
				"CODE_SIGN_IDENTITY[sdk=iphoneos*]" = "iPhone Developer";
				COPY_PHASE_STRIP = NO;
				DEBUG_INFORMATION_FORMAT = "dwarf-with-dsym";
				ENABLE_STRICT_OBJC_MSGSEND = YES;
				GCC_C_LANGUAGE_STANDARD = gnu99;
				GCC_DYNAMIC_NO_PIC = NO;
				GCC_NO_COMMON_BLOCKS = YES;
				GCC_OPTIMIZATION_LEVEL = 0;
				GCC_PREPROCESSOR_DEFINITIONS = (
					"DEBUG=1",
					"$(inherited)",
				);
				GCC_SYMBOLS_PRIVATE_EXTERN = NO;
				GCC_WARN_64_TO_32_BIT_CONVERSION = YES;
				GCC_WARN_ABOUT_RETURN_TYPE = YES_ERROR;
				GCC_WARN_UNDECLARED_SELECTOR = YES;
				GCC_WARN_UNINITIALIZED_AUTOS = YES_AGGRESSIVE;
				GCC_WARN_UNUSED_FUNCTION = YES;
				GCC_WARN_UNUSED_VARIABLE = YES;
				IPHONEOS_DEPLOYMENT_TARGET = 8.3;
				MTL_ENABLE_DEBUG_INFO = YES;
				ONLY_ACTIVE_ARCH = YES;
				SDKROOT = iphoneos;
				TARGETED_DEVICE_FAMILY = "1,2";
			};
			name = Debug;
		};
		223B77E61AF23A2C008982C2 /* Release */ = {
			isa = XCBuildConfiguration;
			buildSettings = {
				ALWAYS_SEARCH_USER_PATHS = NO;
				CLANG_CXX_LANGUAGE_STANDARD = "gnu++0x";
				CLANG_CXX_LIBRARY = "libc++";
				CLANG_ENABLE_MODULES = YES;
				CLANG_ENABLE_OBJC_ARC = YES;
				CLANG_WARN_BOOL_CONVERSION = YES;
				CLANG_WARN_CONSTANT_CONVERSION = YES;
				CLANG_WARN_DIRECT_OBJC_ISA_USAGE = YES_ERROR;
				CLANG_WARN_EMPTY_BODY = YES;
				CLANG_WARN_ENUM_CONVERSION = YES;
				CLANG_WARN_INT_CONVERSION = YES;
				CLANG_WARN_OBJC_ROOT_CLASS = YES_ERROR;
				CLANG_WARN_UNREACHABLE_CODE = YES;
				CLANG_WARN__DUPLICATE_METHOD_MATCH = YES;
				"CODE_SIGN_IDENTITY[sdk=iphoneos*]" = "iPhone Developer";
				COPY_PHASE_STRIP = NO;
				DEBUG_INFORMATION_FORMAT = "dwarf-with-dsym";
				ENABLE_NS_ASSERTIONS = NO;
				ENABLE_STRICT_OBJC_MSGSEND = YES;
				GCC_C_LANGUAGE_STANDARD = gnu99;
				GCC_NO_COMMON_BLOCKS = YES;
				GCC_WARN_64_TO_32_BIT_CONVERSION = YES;
				GCC_WARN_ABOUT_RETURN_TYPE = YES_ERROR;
				GCC_WARN_UNDECLARED_SELECTOR = YES;
				GCC_WARN_UNINITIALIZED_AUTOS = YES_AGGRESSIVE;
				GCC_WARN_UNUSED_FUNCTION = YES;
				GCC_WARN_UNUSED_VARIABLE = YES;
				IPHONEOS_DEPLOYMENT_TARGET = 8.3;
				MTL_ENABLE_DEBUG_INFO = NO;
				SDKROOT = iphoneos;
				TARGETED_DEVICE_FAMILY = "1,2";
				VALIDATE_PRODUCT = YES;
			};
			name = Release;
		};
		223B77E81AF23A2C008982C2 /* Debug */ = {
			isa = XCBuildConfiguration;
			buildSettings = {
				ASSETCATALOG_COMPILER_APPICON_NAME = AppIcon;
				INFOPLIST_FILE = IMC/Info.plist;
				LD_RUNPATH_SEARCH_PATHS = "$(inherited) @executable_path/Frameworks";
				PRODUCT_NAME = "$(TARGET_NAME)";
			};
			name = Debug;
		};
		223B77E91AF23A2C008982C2 /* Release */ = {
			isa = XCBuildConfiguration;
			buildSettings = {
				ASSETCATALOG_COMPILER_APPICON_NAME = AppIcon;
				INFOPLIST_FILE = IMC/Info.plist;
				LD_RUNPATH_SEARCH_PATHS = "$(inherited) @executable_path/Frameworks";
				PRODUCT_NAME = "$(TARGET_NAME)";
			};
			name = Release;
		};
		223B77EB1AF23A2C008982C2 /* Debug */ = {
			isa = XCBuildConfiguration;
			buildSettings = {
				BUNDLE_LOADER = "$(TEST_HOST)";
				FRAMEWORK_SEARCH_PATHS = (
					"$(SDKROOT)/Developer/Library/Frameworks",
					"$(inherited)",
				);
				GCC_PREPROCESSOR_DEFINITIONS = (
					"DEBUG=1",
					"$(inherited)",
				);
				INFOPLIST_FILE = IMCTests/Info.plist;
				LD_RUNPATH_SEARCH_PATHS = "$(inherited) @executable_path/Frameworks @loader_path/Frameworks";
				PRODUCT_NAME = "$(TARGET_NAME)";
				TEST_HOST = "$(BUILT_PRODUCTS_DIR)/IMC.app/IMC";
			};
			name = Debug;
		};
		223B77EC1AF23A2C008982C2 /* Release */ = {
			isa = XCBuildConfiguration;
			buildSettings = {
				BUNDLE_LOADER = "$(TEST_HOST)";
				FRAMEWORK_SEARCH_PATHS = (
					"$(SDKROOT)/Developer/Library/Frameworks",
					"$(inherited)",
				);
				INFOPLIST_FILE = IMCTests/Info.plist;
				LD_RUNPATH_SEARCH_PATHS = "$(inherited) @executable_path/Frameworks @loader_path/Frameworks";
				PRODUCT_NAME = "$(TARGET_NAME)";
				TEST_HOST = "$(BUILT_PRODUCTS_DIR)/IMC.app/IMC";
			};
			name = Release;
		};
/* End XCBuildConfiguration section */

/* Begin XCConfigurationList section */
		223B77BF1AF23A2C008982C2 /* Build configuration list for PBXProject "IMC" */ = {
			isa = XCConfigurationList;
			buildConfigurations = (
				223B77E51AF23A2C008982C2 /* Debug */,
				223B77E61AF23A2C008982C2 /* Release */,
			);
			defaultConfigurationIsVisible = 0;
			defaultConfigurationName = Release;
		};
		223B77E71AF23A2C008982C2 /* Build configuration list for PBXNativeTarget "IMC" */ = {
			isa = XCConfigurationList;
			buildConfigurations = (
				223B77E81AF23A2C008982C2 /* Debug */,
				223B77E91AF23A2C008982C2 /* Release */,
			);
			defaultConfigurationIsVisible = 0;
			defaultConfigurationName = Release;
		};
		223B77EA1AF23A2C008982C2 /* Build configuration list for PBXNativeTarget "IMCTests" */ = {
			isa = XCConfigurationList;
			buildConfigurations = (
				223B77EB1AF23A2C008982C2 /* Debug */,
				223B77EC1AF23A2C008982C2 /* Release */,
			);
			defaultConfigurationIsVisible = 0;
			defaultConfigurationName = Release;
		};
/* End XCConfigurationList section */
	};
	rootObject = 223B77BC1AF23A2C008982C2 /* Project object */;
}
